{
  "version": 4,
  "terraform_version": "1.5.4",
  "serial": 27,
  "lineage": "b1f73c9c-c186-cf81-4290-272e1a6223f5",
  "outputs": {},
  "resources": [
    {
      "mode": "managed",
      "type": "azurerm_resource_group",
      "name": "rgg11",
      "provider": "provider[\"registry.terraform.io/hashicorp/azurerm\"]",
      "instances": [
        {
          "schema_version": 0,
          "attributes": {
            "id": "/subscriptions/edb42159-c288-4e10-aea0-2f403be9a8fb/resourceGroups/aks_cls_rg",
            "location": "eastus2",
            "managed_by": "",
            "name": "aks_cls_rg",
            "tags": {},
            "timeouts": null
          },
          "sensitive_attributes": [],
          "private": "eyJlMmJmYjczMC1lY2FhLTExZTYtOGY4OC0zNDM2M2JjN2M0YzAiOnsiY3JlYXRlIjo1NDAwMDAwMDAwMDAwLCJkZWxldGUiOjU0MDAwMDAwMDAwMDAsInJlYWQiOjMwMDAwMDAwMDAwMCwidXBkYXRlIjo1NDAwMDAwMDAwMDAwfX0="
        }
      ]
    },
    {
      "module": "module.keyvault",
      "mode": "data",
      "type": "azurerm_client_config",
      "name": "current",
      "provider": "provider[\"registry.terraform.io/hashicorp/azurerm\"]",
      "instances": [
        {
          "schema_version": 0,
          "attributes": {
            "client_id": "04b07795-8ddb-461a-bbee-02f9e1bf7b46",
            "id": "Y2xpZW50Q29uZmlncy9jbGllbnRJZD0wNGIwNzc5NS04ZGRiLTQ2MWEtYmJlZS0wMmY5ZTFiZjdiNDY7b2JqZWN0SWQ9MTNlNTRmZDAtZTEwMi00MDFmLWI1NjYtYzY1NjA3MDkwOWZiO3N1YnNjcmlwdGlvbklkPWVkYjQyMTU5LWMyODgtNGUxMC1hZWEwLTJmNDAzYmU5YThmYjt0ZW5hbnRJZD02Zjg3NGNlZC1lYTRlLTRhYmMtOWVkOC1lZjRhYWEwNDYzYWQ=",
            "object_id": "13e54fd0-e102-401f-b566-c656070909fb",
            "subscription_id": "edb42159-c288-4e10-aea0-2f403be9a8fb",
            "tenant_id": "6f874ced-ea4e-4abc-9ed8-ef4aaa0463ad",
            "timeouts": null
          },
          "sensitive_attributes": []
        }
      ]
    }
  ],
  "check_results": null
}
