{
  "version": 4,
  "terraform_version": "1.5.4",
  "serial": 2,
  "lineage": "80af21c8-db90-b4d8-4b76-d2bf29a865bd",
  "outputs": {},
  "resources": [
    {
      "mode": "managed",
      "type": "azurerm_kubernetes_cluster",
      "name": "aks11",
      "provider": "provider[\"registry.terraform.io/hashicorp/azurerm\"]",
      "instances": []
    },
    {
      "mode": "managed",
      "type": "azurerm_resource_group",
      "name": "rgg11",
      "provider": "provider[\"registry.terraform.io/hashicorp/azurerm\"]",
      "instances": [
        {
          "schema_version": 0,
          "attributes": {
            "id": "/subscriptions/edb42159-c288-4e10-aea0-2f403be9a8fb/resourceGroups/aks_cls_rg",
            "location": "eastus2",
            "managed_by": "",
            "name": "aks_cls_rg",
            "tags": null,
            "timeouts": null
          },
          "sensitive_attributes": [],
          "private": "eyJlMmJmYjczMC1lY2FhLTExZTYtOGY4OC0zNDM2M2JjN2M0YzAiOnsiY3JlYXRlIjo1NDAwMDAwMDAwMDAwLCJkZWxldGUiOjU0MDAwMDAwMDAwMDAsInJlYWQiOjMwMDAwMDAwMDAwMCwidXBkYXRlIjo1NDAwMDAwMDAwMDAwfX0="
        }
      ]
    },
    {
      "module": "module.keyvault",
      "mode": "data",
      "type": "azurerm_client_config",
      "name": "current",
      "provider": "provider[\"registry.terraform.io/hashicorp/azurerm\"]",
      "instances": [
        {
          "schema_version": 0,
          "attributes": {
            "client_id": "04b07795-8ddb-461a-bbee-02f9e1bf7b46",
            "id": "Y2xpZW50Q29uZmlncy9jbGllbnRJZD0wNGIwNzc5NS04ZGRiLTQ2MWEtYmJlZS0wMmY5ZTFiZjdiNDY7b2JqZWN0SWQ9MTNlNTRmZDAtZTEwMi00MDFmLWI1NjYtYzY1NjA3MDkwOWZiO3N1YnNjcmlwdGlvbklkPWVkYjQyMTU5LWMyODgtNGUxMC1hZWEwLTJmNDAzYmU5YThmYjt0ZW5hbnRJZD02Zjg3NGNlZC1lYTRlLTRhYmMtOWVkOC1lZjRhYWEwNDYzYWQ=",
            "object_id": "13e54fd0-e102-401f-b566-c656070909fb",
            "subscription_id": "edb42159-c288-4e10-aea0-2f403be9a8fb",
            "tenant_id": "6f874ced-ea4e-4abc-9ed8-ef4aaa0463ad",
            "timeouts": null
          },
          "sensitive_attributes": []
        }
      ]
    },
    {
      "module": "module.keyvault",
      "mode": "managed",
      "type": "azurerm_key_vault",
      "name": "main",
      "provider": "provider[\"registry.terraform.io/hashicorp/azurerm\"]",
      "instances": [
        {
          "schema_version": 2,
          "attributes": {
            "access_policy": [
              {
                "application_id": "",
                "certificate_permissions": [
                  "Get"
                ],
                "key_permissions": [
                  "Get",
                  "List"
                ],
                "object_id": "13e54fd0-e102-401f-b566-c656070909fb",
                "secret_permissions": [
                  "Get",
                  "List",
                  "Set"
                ],
                "storage_permissions": [],
                "tenant_id": "6f874ced-ea4e-4abc-9ed8-ef4aaa0463ad"
              },
              {
                "application_id": "",
                "certificate_permissions": [
                  "Get"
                ],
                "key_permissions": [
                  "Get",
                  "List"
                ],
                "object_id": "9ef7dcb6-af87-437d-8926-0e6ec1920f9d",
                "secret_permissions": [
                  "Get",
                  "List"
                ],
                "storage_permissions": [],
                "tenant_id": "6f874ced-ea4e-4abc-9ed8-ef4aaa0463ad"
              },
              {
                "application_id": "",
                "certificate_permissions": [
                  "Get"
                ],
                "key_permissions": [
                  "Get",
                  "List"
                ],
                "object_id": "bf416306-1e44-4055-803e-42b5df8a9237",
                "secret_permissions": [
                  "Get",
                  "List"
                ],
                "storage_permissions": [],
                "tenant_id": "6f874ced-ea4e-4abc-9ed8-ef4aaa0463ad"
              },
              {
                "application_id": "",
                "certificate_permissions": [
                  "Get"
                ],
                "key_permissions": [
                  "Get",
                  "List"
                ],
                "object_id": "e68c2497-f814-469c-b691-03b330e7c7b3",
                "secret_permissions": [
                  "Get",
                  "List"
                ],
                "storage_permissions": [],
                "tenant_id": "6f874ced-ea4e-4abc-9ed8-ef4aaa0463ad"
              },
              {
                "application_id": "",
                "certificate_permissions": [
                  "Get"
                ],
                "key_permissions": [
                  "Get",
                  "List"
                ],
                "object_id": "0b1a0d30-1882-43b1-b5ad-27c12aa55e46",
                "secret_permissions": [
                  "Get",
                  "List"
                ],
                "storage_permissions": [],
                "tenant_id": "6f874ced-ea4e-4abc-9ed8-ef4aaa0463ad"
              },
              {
                "application_id": "",
                "certificate_permissions": [
                  "Get"
                ],
                "key_permissions": [
                  "Get",
                  "List"
                ],
                "object_id": "063ded31-390f-44b2-aab0-231cc50a47d0",
                "secret_permissions": [
                  "Get",
                  "List"
                ],
                "storage_permissions": [],
                "tenant_id": "6f874ced-ea4e-4abc-9ed8-ef4aaa0463ad"
              },
              {
                "application_id": "",
                "certificate_permissions": [
                  "Get"
                ],
                "key_permissions": [
                  "Get",
                  "List"
                ],
                "object_id": "9f063973-d5aa-4659-8837-1c395ac7a467",
                "secret_permissions": [
                  "Get",
                  "List"
                ],
                "storage_permissions": [],
                "tenant_id": "6f874ced-ea4e-4abc-9ed8-ef4aaa0463ad"
              },
              {
                "application_id": "",
                "certificate_permissions": [
                  "Get"
                ],
                "key_permissions": [
                  "Get",
                  "List"
                ],
                "object_id": "27bd0869-46ea-4a0a-b764-4363fedaaafb",
                "secret_permissions": [
                  "Get",
                  "List"
                ],
                "storage_permissions": [],
                "tenant_id": "6f874ced-ea4e-4abc-9ed8-ef4aaa0463ad"
              },
              {
                "application_id": "",
                "certificate_permissions": [
                  "Get"
                ],
                "key_permissions": [
                  "Get",
                  "List"
                ],
                "object_id": "dfa80610-b197-409a-bf0a-443586f435f6",
                "secret_permissions": [
                  "Get",
                  "List"
                ],
                "storage_permissions": [],
                "tenant_id": "6f874ced-ea4e-4abc-9ed8-ef4aaa0463ad"
              },
              {
                "application_id": "",
                "certificate_permissions": [
                  "Get"
                ],
                "key_permissions": [
                  "Get",
                  "List"
                ],
                "object_id": "c5a06df1-c997-4193-b1a5-1e70c43bc738",
                "secret_permissions": [
                  "Get",
                  "List"
                ],
                "storage_permissions": [],
                "tenant_id": "6f874ced-ea4e-4abc-9ed8-ef4aaa0463ad"
              },
              {
                "application_id": "",
                "certificate_permissions": [
                  "Get"
                ],
                "key_permissions": [
                  "Get",
                  "List"
                ],
                "object_id": "f48eba7b-9200-4bf7-a3a0-cd5d4a1aed14",
                "secret_permissions": [
                  "Get",
                  "List"
                ],
                "storage_permissions": [],
                "tenant_id": "6f874ced-ea4e-4abc-9ed8-ef4aaa0463ad"
              }
            ],
            "contact": [],
            "enable_rbac_authorization": false,
            "enabled_for_deployment": false,
            "enabled_for_disk_encryption": false,
            "enabled_for_template_deployment": false,
            "id": "/subscriptions/edb42159-c288-4e10-aea0-2f403be9a8fb/resourceGroups/aks_cls_rg/providers/Microsoft.KeyVault/vaults/aksknaasssbv-kv",
            "location": "eastus2",
            "name": "aksknaasssbv-kv",
            "network_acls": [
              {
                "bypass": "AzureServices",
                "default_action": "Allow",
                "ip_rules": [],
                "virtual_network_subnet_ids": []
              }
            ],
            "public_network_access_enabled": true,
            "purge_protection_enabled": false,
            "resource_group_name": "aks_cls_rg",
            "sku_name": "standard",
            "soft_delete_retention_days": 7,
            "tags": null,
            "tenant_id": "6f874ced-ea4e-4abc-9ed8-ef4aaa0463ad",
            "timeouts": null,
            "vault_uri": "https://aksknaasssbv-kv.vault.azure.net/"
          },
          "sensitive_attributes": [],
          "private": "eyJlMmJmYjczMC1lY2FhLTExZTYtOGY4OC0zNDM2M2JjN2M0YzAiOnsiY3JlYXRlIjoxODAwMDAwMDAwMDAwLCJkZWxldGUiOjE4MDAwMDAwMDAwMDAsInJlYWQiOjMwMDAwMDAwMDAwMCwidXBkYXRlIjoxODAwMDAwMDAwMDAwfSwic2NoZW1hX3ZlcnNpb24iOiIyIn0=",
          "dependencies": [
            "azurerm_resource_group.rgg11",
            "module.keyvault.data.azurerm_client_config.current"
          ]
        }
      ]
    }
  ],
  "check_results": null
}
